Microsoft Visual Studio Solution File, Format Version 12.00
# Visual Studio Version 17
VisualStudioVersion = 17.8.34330.188
MinimumVisualStudioVersion = 10.0.40219.1
Project("{FAE04EC0-301F-11D3-BF4B-00C04F79EFBC}") = "AdvancedCommands", "AdvancedCommandsPlugin\AdvancedCommands.csproj", "{741BA20A-BF86-4868-B59A-11C5E3001BA3}"
EndProject
Global
	GlobalSection(SolutionConfigurationPlatforms) = preSolution
		Debug|Any CPU = Debug|Any CPU
		Release|Any CPU = Release|Any CPU
	EndGlobalSection
	GlobalSection(ProjectConfigurationPlatforms) = postSolution
		{741BA20A-BF86-4868-B59A-11C5E3001BA3}.Debug|Any CPU.ActiveCfg = Debug|Any CPU
		{741BA20A-BF86-4868-B59A-11C5E3001BA3}.Debug|Any CPU.Build.0 = Debug|Any CPU
		{741BA20A-BF86-4868-B59A-11C5E3001BA3}.Release|Any CPU.ActiveCfg = Release|Any CPU
		{741BA20A-BF86-4868-B59A-11C5E3001BA3}.Release|Any CPU.Build.0 = Release|Any CPU
	EndGlobalSection
	GlobalSection(SolutionProperties) = preSolution
		HideSolutionNode = FALSE
	EndGlobalSection
	GlobalSection(ExtensibilityGlobals) = postSolution
		SolutionGuid = {87C4A44A-04B2-4BE4-8178-5F2DF98C4BFE}
	EndGlobalSection
EndGlobal
